
Microsoft Visual Studio Solution File, Format Version 12.00
# Visual Studio Version 16
VisualStudioVersion = 16.0.30225.117
MinimumVisualStudioVersion = 10.0.40219.1
Project("{FAE04EC0-301F-11D3-BF4B-00C04F79EFBC}") = "Queue", "Queue\Queue.csproj", "{EBECFA88-663A-442F-AECB-93E819E298BE}"
EndProject
Global
	GlobalSection(SolutionConfigurationPlatforms) = preSolution
		Debug|Any CPU = Debug|Any CPU
		Release|Any CPU = Release|Any CPU
	EndGlobalSection
	GlobalSection(ProjectConfigurationPlatforms) = postSolution
		{EBECFA88-663A-442F-AECB-93E819E298BE}.Debug|Any CPU.ActiveCfg = Debug|Any CPU
		{EBECFA88-663A-442F-AECB-93E819E298BE}.Debug|Any CPU.Build.0 = Debug|Any CPU
		{EBECFA88-663A-442F-AECB-93E819E298BE}.Release|Any CPU.ActiveCfg = Release|Any CPU
		{EBECFA88-663A-442F-AECB-93E819E298BE}.Release|Any CPU.Build.0 = Release|Any CPU
	EndGlobalSection
	GlobalSection(SolutionProperties) = preSolution
		HideSolutionNode = FALSE
	EndGlobalSection
	GlobalSection(ExtensibilityGlobals) = postSolution
		SolutionGuid = {2C73D06B-1726-4B75-B8A5-DAF7666ED07B}
	EndGlobalSection
EndGlobal
